
Microsoft Visual Studio Solution File, Format Version 12.00
# Visual Studio Version 17
VisualStudioVersion = 17.12.35527.113 d17.12
MinimumVisualStudioVersion = 10.0.40219.1
Project("{FAE04EC0-301F-11D3-BF4B-00C04F79EFBC}") = "load-asset-demo", "load-asset-demo.csproj", "{01112A0D-42BD-47B3-932F-F535865B8CA8}"
EndProject
Global
	GlobalSection(SolutionConfigurationPlatforms) = preSolution
		Debug|Any CPU = Debug|Any CPU
		Release|Any CPU = Release|Any CPU
	EndGlobalSection
	GlobalSection(ProjectConfigurationPlatforms) = postSolution
		{01112A0D-42BD-47B3-932F-F535865B8CA8}.Debug|Any CPU.ActiveCfg = Debug|Any CPU
		{01112A0D-42BD-47B3-932F-F535865B8CA8}.Debug|Any CPU.Build.0 = Debug|Any CPU
		{01112A0D-42BD-47B3-932F-F535865B8CA8}.Release|Any CPU.ActiveCfg = Release|Any CPU
		{01112A0D-42BD-47B3-932F-F535865B8CA8}.Release|Any CPU.Build.0 = Release|Any CPU
	EndGlobalSection
	GlobalSection(SolutionProperties) = preSolution
		HideSolutionNode = FALSE
	EndGlobalSection
EndGlobal
